{
  "name": "paulworthington.dev",
  "lockfileVersion": 2,
  "requires": true,
  "packages": {
    "": {
      "dependencies": {
        "typer.js": "^1.2.1"
      }
    },
    "node_modules/typer.js": {
      "version": "1.2.1",
      "resolved": "https://registry.npmjs.org/typer.js/-/typer.js-1.2.1.tgz",
      "integrity": "sha512-olDgvjA5OuLsHcWKop2/HnmtCPdZmfUs9ZfC3aFU3JIjmLyod/pnuUsUdsKBJCOA+EDkJ9Qw6qjXC4TbXynw8Q=="
    }
  },
  "dependencies": {
    "typer.js": {
      "version": "1.2.1",
      "resolved": "https://registry.npmjs.org/typer.js/-/typer.js-1.2.1.tgz",
      "integrity": "sha512-olDgvjA5OuLsHcWKop2/HnmtCPdZmfUs9ZfC3aFU3JIjmLyod/pnuUsUdsKBJCOA+EDkJ9Qw6qjXC4TbXynw8Q=="
    }
  }
}
